// !$*UTF8*$!
{
	archiveVersion = 1;
	classes = {
	};
	objectVersion = 56;
	objects = {

/* Begin PBXBuildFile section */
		33435284B69E5E810E6258DB /* Pods_Marvel_Discovery.framework in Frameworks */ = {isa = PBXBuildFile; fileRef = 9019F935749216BE59E5895A /* Pods_Marvel_Discovery.framework */; };
		78D31778DAC69AC0FEA93E37 /* Pods_Marvel_Discovery_Marvel_DiscoveryUITests.framework in Frameworks */ = {isa = PBXBuildFile; fileRef = 68ADB61139E22A19D6886B72 /* Pods_Marvel_Discovery_Marvel_DiscoveryUITests.framework */; };
		A01E96DECE92C8B6AC4017E8 /* Pods_Marvel_DiscoveryTests.framework in Frameworks */ = {isa = PBXBuildFile; fileRef = 25D2DB1848AE7B6236E41BAF /* Pods_Marvel_DiscoveryTests.framework */; };
		CEBA3EDC2B45DF70005086B4 /* AppDelegate.swift in Sources */ = {isa = PBXBuildFile; fileRef = CEBA3EDB2B45DF70005086B4 /* AppDelegate.swift */; };
		CEBA3EDE2B45DF70005086B4 /* SceneDelegate.swift in Sources */ = {isa = PBXBuildFile; fileRef = CEBA3EDD2B45DF70005086B4 /* SceneDelegate.swift */; };
		CEBA3EE52B45DF70005086B4 /* Assets.xcassets in Resources */ = {isa = PBXBuildFile; fileRef = CEBA3EE42B45DF70005086B4 /* Assets.xcassets */; };
		CEBA3EE82B45DF70005086B4 /* LaunchScreen.storyboard in Resources */ = {isa = PBXBuildFile; fileRef = CEBA3EE62B45DF70005086B4 /* LaunchScreen.storyboard */; };
		CEBA3EF32B45DF71005086B4 /* Marvel_DiscoveryTests.swift in Sources */ = {isa = PBXBuildFile; fileRef = CEBA3EF22B45DF71005086B4 /* Marvel_DiscoveryTests.swift */; };
		CEBA3EFD2B45DF71005086B4 /* Marvel_DiscoveryUITests.swift in Sources */ = {isa = PBXBuildFile; fileRef = CEBA3EFC2B45DF71005086B4 /* Marvel_DiscoveryUITests.swift */; };
		CEBA3EFF2B45DF71005086B4 /* Marvel_DiscoveryUITestsLaunchTests.swift in Sources */ = {isa = PBXBuildFile; fileRef = CEBA3EFE2B45DF71005086B4 /* Marvel_DiscoveryUITestsLaunchTests.swift */; };
		CEBA3F122B45E4C6005086B4 /* SplashScreen.swift in Sources */ = {isa = PBXBuildFile; fileRef = CEBA3F102B45E4C6005086B4 /* SplashScreen.swift */; };
		CEBA3F132B45E4C6005086B4 /* SplashScreen.xib in Resources */ = {isa = PBXBuildFile; fileRef = CEBA3F112B45E4C6005086B4 /* SplashScreen.xib */; };
		CEBA3F172B45E981005086B4 /* HomeViewController.swift in Sources */ = {isa = PBXBuildFile; fileRef = CEBA3F152B45E981005086B4 /* HomeViewController.swift */; };
		CEBA3F182B45E981005086B4 /* HomeViewController.xib in Resources */ = {isa = PBXBuildFile; fileRef = CEBA3F162B45E981005086B4 /* HomeViewController.xib */; };
		CEBA3F1B2B45ED61005086B4 /* SplashViewModel.swift in Sources */ = {isa = PBXBuildFile; fileRef = CEBA3F1A2B45ED61005086B4 /* SplashViewModel.swift */; };
		CEBA3F1E2B4605A1005086B4 /* AnimationManager.swift in Sources */ = {isa = PBXBuildFile; fileRef = CEBA3F1D2B4605A1005086B4 /* AnimationManager.swift */; };
		CEBA3F212B460B69005086B4 /* MockAnimationManager.swift in Sources */ = {isa = PBXBuildFile; fileRef = CEBA3F202B460B69005086B4 /* MockAnimationManager.swift */; };
		CEBA3F272B461542005086B4 /* SplashViewModelTests.swift in Sources */ = {isa = PBXBuildFile; fileRef = CEBA3F262B461542005086B4 /* SplashViewModelTests.swift */; };
		F8BED88C2B46D57100AD5027 /* HomeMainTableViewCell.swift in Sources */ = {isa = PBXBuildFile; fileRef = F8BED88A2B46D57100AD5027 /* HomeMainTableViewCell.swift */; };
		F8BED88D2B46D57100AD5027 /* HomeMainTableViewCell.xib in Resources */ = {isa = PBXBuildFile; fileRef = F8BED88B2B46D57100AD5027 /* HomeMainTableViewCell.xib */; };
		F8CEC73F2B46D8CF006C7536 /* Constants.swift in Sources */ = {isa = PBXBuildFile; fileRef = F8CEC73E2B46D8CF006C7536 /* Constants.swift */; };
/* End PBXBuildFile section */

/* Begin PBXContainerItemProxy section */
		CEBA3EEF2B45DF71005086B4 /* PBXContainerItemProxy */ = {
			isa = PBXContainerItemProxy;
			containerPortal = CEBA3ED02B45DF70005086B4 /* Project object */;
			proxyType = 1;
			remoteGlobalIDString = CEBA3ED72B45DF70005086B4;
			remoteInfo = Marvel_Discovery;
		};
		CEBA3EF92B45DF71005086B4 /* PBXContainerItemProxy */ = {
			isa = PBXContainerItemProxy;
			containerPortal = CEBA3ED02B45DF70005086B4 /* Project object */;
			proxyType = 1;
			remoteGlobalIDString = CEBA3ED72B45DF70005086B4;
			remoteInfo = Marvel_Discovery;
		};
/* End PBXContainerItemProxy section */

/* Begin PBXFileReference section */
		050ED8A27C7D5761DBF7956D /* Pods-Marvel_Discovery-Marvel_DiscoveryUITests.release.xcconfig */ = {isa = PBXFileReference; includeInIndex = 1; lastKnownFileType = text.xcconfig; name = "Pods-Marvel_Discovery-Marvel_DiscoveryUITests.release.xcconfig"; path = "Target Support Files/Pods-Marvel_Discovery-Marvel_DiscoveryUITests/Pods-Marvel_Discovery-Marvel_DiscoveryUITests.release.xcconfig"; sourceTree = "<group>"; };
		10854EC28A4C12F211A8DF74 /* Pods-Marvel_Discovery.debug.xcconfig */ = {isa = PBXFileReference; includeInIndex = 1; lastKnownFileType = text.xcconfig; name = "Pods-Marvel_Discovery.debug.xcconfig"; path = "Target Support Files/Pods-Marvel_Discovery/Pods-Marvel_Discovery.debug.xcconfig"; sourceTree = "<group>"; };
		25D2DB1848AE7B6236E41BAF /* Pods_Marvel_DiscoveryTests.framework */ = {isa = PBXFileReference; explicitFileType = wrapper.framework; includeInIndex = 0; path = Pods_Marvel_DiscoveryTests.framework; sourceTree = BUILT_PRODUCTS_DIR; };
		34F68E17DE8C4FF84DAE598B /* Pods-Marvel_Discovery.release.xcconfig */ = {isa = PBXFileReference; includeInIndex = 1; lastKnownFileType = text.xcconfig; name = "Pods-Marvel_Discovery.release.xcconfig"; path = "Target Support Files/Pods-Marvel_Discovery/Pods-Marvel_Discovery.release.xcconfig"; sourceTree = "<group>"; };
		68ADB61139E22A19D6886B72 /* Pods_Marvel_Discovery_Marvel_DiscoveryUITests.framework */ = {isa = PBXFileReference; explicitFileType = wrapper.framework; includeInIndex = 0; path = Pods_Marvel_Discovery_Marvel_DiscoveryUITests.framework; sourceTree = BUILT_PRODUCTS_DIR; };
		9019F935749216BE59E5895A /* Pods_Marvel_Discovery.framework */ = {isa = PBXFileReference; explicitFileType = wrapper.framework; includeInIndex = 0; path = Pods_Marvel_Discovery.framework; sourceTree = BUILT_PRODUCTS_DIR; };
		A7C9C6709D2687B4730F6230 /* Pods-Marvel_DiscoveryTests.release.xcconfig */ = {isa = PBXFileReference; includeInIndex = 1; lastKnownFileType = text.xcconfig; name = "Pods-Marvel_DiscoveryTests.release.xcconfig"; path = "Target Support Files/Pods-Marvel_DiscoveryTests/Pods-Marvel_DiscoveryTests.release.xcconfig"; sourceTree = "<group>"; };
		CEBA3ED82B45DF70005086B4 /* Marvel_Discovery.app */ = {isa = PBXFileReference; explicitFileType = wrapper.application; includeInIndex = 0; path = Marvel_Discovery.app; sourceTree = BUILT_PRODUCTS_DIR; };
		CEBA3EDB2B45DF70005086B4 /* AppDelegate.swift */ = {isa = PBXFileReference; lastKnownFileType = sourcecode.swift; path = AppDelegate.swift; sourceTree = "<group>"; };
		CEBA3EDD2B45DF70005086B4 /* SceneDelegate.swift */ = {isa = PBXFileReference; lastKnownFileType = sourcecode.swift; path = SceneDelegate.swift; sourceTree = "<group>"; };
		CEBA3EE42B45DF70005086B4 /* Assets.xcassets */ = {isa = PBXFileReference; lastKnownFileType = folder.assetcatalog; path = Assets.xcassets; sourceTree = "<group>"; };
		CEBA3EE72B45DF70005086B4 /* Base */ = {isa = PBXFileReference; lastKnownFileType = file.storyboard; name = Base; path = Base.lproj/LaunchScreen.storyboard; sourceTree = "<group>"; };
		CEBA3EE92B45DF70005086B4 /* Info.plist */ = {isa = PBXFileReference; lastKnownFileType = text.plist.xml; path = Info.plist; sourceTree = "<group>"; };
		CEBA3EEE2B45DF71005086B4 /* Marvel_DiscoveryTests.xctest */ = {isa = PBXFileReference; explicitFileType = wrapper.cfbundle; includeInIndex = 0; path = Marvel_DiscoveryTests.xctest; sourceTree = BUILT_PRODUCTS_DIR; };
		CEBA3EF22B45DF71005086B4 /* Marvel_DiscoveryTests.swift */ = {isa = PBXFileReference; lastKnownFileType = sourcecode.swift; path = Marvel_DiscoveryTests.swift; sourceTree = "<group>"; };
		CEBA3EF82B45DF71005086B4 /* Marvel_DiscoveryUITests.xctest */ = {isa = PBXFileReference; explicitFileType = wrapper.cfbundle; includeInIndex = 0; path = Marvel_DiscoveryUITests.xctest; sourceTree = BUILT_PRODUCTS_DIR; };
		CEBA3EFC2B45DF71005086B4 /* Marvel_DiscoveryUITests.swift */ = {isa = PBXFileReference; lastKnownFileType = sourcecode.swift; path = Marvel_DiscoveryUITests.swift; sourceTree = "<group>"; };
		CEBA3EFE2B45DF71005086B4 /* Marvel_DiscoveryUITestsLaunchTests.swift */ = {isa = PBXFileReference; lastKnownFileType = sourcecode.swift; path = Marvel_DiscoveryUITestsLaunchTests.swift; sourceTree = "<group>"; };
		CEBA3F102B45E4C6005086B4 /* SplashScreen.swift */ = {isa = PBXFileReference; lastKnownFileType = sourcecode.swift; path = SplashScreen.swift; sourceTree = "<group>"; };
		CEBA3F112B45E4C6005086B4 /* SplashScreen.xib */ = {isa = PBXFileReference; lastKnownFileType = file.xib; path = SplashScreen.xib; sourceTree = "<group>"; };
		CEBA3F152B45E981005086B4 /* HomeViewController.swift */ = {isa = PBXFileReference; lastKnownFileType = sourcecode.swift; path = HomeViewController.swift; sourceTree = "<group>"; };
		CEBA3F162B45E981005086B4 /* HomeViewController.xib */ = {isa = PBXFileReference; lastKnownFileType = file.xib; path = HomeViewController.xib; sourceTree = "<group>"; };
		CEBA3F1A2B45ED61005086B4 /* SplashViewModel.swift */ = {isa = PBXFileReference; lastKnownFileType = sourcecode.swift; path = SplashViewModel.swift; sourceTree = "<group>"; };
		CEBA3F1D2B4605A1005086B4 /* AnimationManager.swift */ = {isa = PBXFileReference; lastKnownFileType = sourcecode.swift; path = AnimationManager.swift; sourceTree = "<group>"; };
		CEBA3F202B460B69005086B4 /* MockAnimationManager.swift */ = {isa = PBXFileReference; lastKnownFileType = sourcecode.swift; path = MockAnimationManager.swift; sourceTree = "<group>"; };
		CEBA3F262B461542005086B4 /* SplashViewModelTests.swift */ = {isa = PBXFileReference; lastKnownFileType = sourcecode.swift; path = SplashViewModelTests.swift; sourceTree = "<group>"; };
		CF9A0D8C412C72B1F2757709 /* Pods-Marvel_Discovery-Marvel_DiscoveryUITests.debug.xcconfig */ = {isa = PBXFileReference; includeInIndex = 1; lastKnownFileType = text.xcconfig; name = "Pods-Marvel_Discovery-Marvel_DiscoveryUITests.debug.xcconfig"; path = "Target Support Files/Pods-Marvel_Discovery-Marvel_DiscoveryUITests/Pods-Marvel_Discovery-Marvel_DiscoveryUITests.debug.xcconfig"; sourceTree = "<group>"; };
		F1A43656C99545FF92BA9118 /* Pods-Marvel_DiscoveryTests.debug.xcconfig */ = {isa = PBXFileReference; includeInIndex = 1; lastKnownFileType = text.xcconfig; name = "Pods-Marvel_DiscoveryTests.debug.xcconfig"; path = "Target Support Files/Pods-Marvel_DiscoveryTests/Pods-Marvel_DiscoveryTests.debug.xcconfig"; sourceTree = "<group>"; };
		F8BED88A2B46D57100AD5027 /* HomeMainTableViewCell.swift */ = {isa = PBXFileReference; lastKnownFileType = sourcecode.swift; path = HomeMainTableViewCell.swift; sourceTree = "<group>"; };
		F8BED88B2B46D57100AD5027 /* HomeMainTableViewCell.xib */ = {isa = PBXFileReference; lastKnownFileType = file.xib; path = HomeMainTableViewCell.xib; sourceTree = "<group>"; };
		F8CEC73E2B46D8CF006C7536 /* Constants.swift */ = {isa = PBXFileReference; lastKnownFileType = sourcecode.swift; path = Constants.swift; sourceTree = "<group>"; };
/* End PBXFileReference section */

/* Begin PBXFrameworksBuildPhase section */
		CEBA3ED52B45DF70005086B4 /* Frameworks */ = {
			isa = PBXFrameworksBuildPhase;
			buildActionMask = 2147483647;
			files = (
				33435284B69E5E810E6258DB /* Pods_Marvel_Discovery.framework in Frameworks */,
			);
			runOnlyForDeploymentPostprocessing = 0;
		};
		CEBA3EEB2B45DF71005086B4 /* Frameworks */ = {
			isa = PBXFrameworksBuildPhase;
			buildActionMask = 2147483647;
			files = (
				A01E96DECE92C8B6AC4017E8 /* Pods_Marvel_DiscoveryTests.framework in Frameworks */,
			);
			runOnlyForDeploymentPostprocessing = 0;
		};
		CEBA3EF52B45DF71005086B4 /* Frameworks */ = {
			isa = PBXFrameworksBuildPhase;
			buildActionMask = 2147483647;
			files = (
				78D31778DAC69AC0FEA93E37 /* Pods_Marvel_Discovery_Marvel_DiscoveryUITests.framework in Frameworks */,
			);
			runOnlyForDeploymentPostprocessing = 0;
		};
/* End PBXFrameworksBuildPhase section */

/* Begin PBXGroup section */
		361C75F1472AB033C3FAF40A /* Pods */ = {
			isa = PBXGroup;
			children = (
				10854EC28A4C12F211A8DF74 /* Pods-Marvel_Discovery.debug.xcconfig */,
				34F68E17DE8C4FF84DAE598B /* Pods-Marvel_Discovery.release.xcconfig */,
				CF9A0D8C412C72B1F2757709 /* Pods-Marvel_Discovery-Marvel_DiscoveryUITests.debug.xcconfig */,
				050ED8A27C7D5761DBF7956D /* Pods-Marvel_Discovery-Marvel_DiscoveryUITests.release.xcconfig */,
				F1A43656C99545FF92BA9118 /* Pods-Marvel_DiscoveryTests.debug.xcconfig */,
				A7C9C6709D2687B4730F6230 /* Pods-Marvel_DiscoveryTests.release.xcconfig */,
			);
			path = Pods;
			sourceTree = "<group>";
		};
		48137D17A1F08DCC36A10DE3 /* Frameworks */ = {
			isa = PBXGroup;
			children = (
				9019F935749216BE59E5895A /* Pods_Marvel_Discovery.framework */,
				68ADB61139E22A19D6886B72 /* Pods_Marvel_Discovery_Marvel_DiscoveryUITests.framework */,
				25D2DB1848AE7B6236E41BAF /* Pods_Marvel_DiscoveryTests.framework */,
			);
			name = Frameworks;
			sourceTree = "<group>";
		};
		CEBA3ECF2B45DF70005086B4 = {
			isa = PBXGroup;
			children = (
				CEBA3EDA2B45DF70005086B4 /* Marvel_Discovery */,
				CEBA3EF12B45DF71005086B4 /* Marvel_DiscoveryTests */,
				CEBA3EFB2B45DF71005086B4 /* Marvel_DiscoveryUITests */,
				CEBA3ED92B45DF70005086B4 /* Products */,
				361C75F1472AB033C3FAF40A /* Pods */,
				48137D17A1F08DCC36A10DE3 /* Frameworks */,
			);
			sourceTree = "<group>";
		};
		CEBA3ED92B45DF70005086B4 /* Products */ = {
			isa = PBXGroup;
			children = (
				CEBA3ED82B45DF70005086B4 /* Marvel_Discovery.app */,
				CEBA3EEE2B45DF71005086B4 /* Marvel_DiscoveryTests.xctest */,
				CEBA3EF82B45DF71005086B4 /* Marvel_DiscoveryUITests.xctest */,
			);
			name = Products;
			sourceTree = "<group>";
		};
		CEBA3EDA2B45DF70005086B4 /* Marvel_Discovery */ = {
			isa = PBXGroup;
			children = (
				F8CEC73D2B46D8C4006C7536 /* Helper */,
				F8BED8862B46CC7700AD5027 /* New Group */,
				CEBA3F1C2B460594005086B4 /* Manager */,
				CEBA3F0D2B45E107005086B4 /* ViewModel */,
				CEBA3F0C2B45E103005086B4 /* View */,
				CEBA3F0B2B45E0F8005086B4 /* Model */,
				F8BED8852B46CC6800AD5027 /* Utilities */,
				CEBA3EE92B45DF70005086B4 /* Info.plist */,
			);
			path = Marvel_Discovery;
			sourceTree = "<group>";
		};
		CEBA3EF12B45DF71005086B4 /* Marvel_DiscoveryTests */ = {
			isa = PBXGroup;
			children = (
				CEBA3F222B460CDD005086B4 /* ViewModels */,
				CEBA3F1F2B460B43005086B4 /* Mock */,
				CEBA3EF22B45DF71005086B4 /* Marvel_DiscoveryTests.swift */,
			);
			path = Marvel_DiscoveryTests;
			sourceTree = "<group>";
		};
		CEBA3EFB2B45DF71005086B4 /* Marvel_DiscoveryUITests */ = {
			isa = PBXGroup;
			children = (
				CEBA3EFC2B45DF71005086B4 /* Marvel_DiscoveryUITests.swift */,
				CEBA3EFE2B45DF71005086B4 /* Marvel_DiscoveryUITestsLaunchTests.swift */,
			);
			path = Marvel_DiscoveryUITests;
			sourceTree = "<group>";
		};
		CEBA3F0B2B45E0F8005086B4 /* Model */ = {
			isa = PBXGroup;
			children = (
			);
			path = Model;
			sourceTree = "<group>";
		};
		CEBA3F0C2B45E103005086B4 /* View */ = {
			isa = PBXGroup;
			children = (
				F8BED8872B46D54F00AD5027 /* Cells */,
				CEBA3F0E2B45E111005086B4 /* ViewController */,
			);
			path = View;
			sourceTree = "<group>";
		};
		CEBA3F0D2B45E107005086B4 /* ViewModel */ = {
			isa = PBXGroup;
			children = (
				CEBA3F192B45ED52005086B4 /* SplashViewModel */,
			);
			path = ViewModel;
			sourceTree = "<group>";
		};
		CEBA3F0E2B45E111005086B4 /* ViewController */ = {
			isa = PBXGroup;
			children = (
				CEBA3F142B45E971005086B4 /* Home */,
				CEBA3F0F2B45E4AC005086B4 /* Splash */,
			);
			path = ViewController;
			sourceTree = "<group>";
		};
		CEBA3F0F2B45E4AC005086B4 /* Splash */ = {
			isa = PBXGroup;
			children = (
				CEBA3F102B45E4C6005086B4 /* SplashScreen.swift */,
				CEBA3F112B45E4C6005086B4 /* SplashScreen.xib */,
			);
			path = Splash;
			sourceTree = "<group>";
		};
		CEBA3F142B45E971005086B4 /* Home */ = {
			isa = PBXGroup;
			children = (
				CEBA3F152B45E981005086B4 /* HomeViewController.swift */,
				CEBA3F162B45E981005086B4 /* HomeViewController.xib */,
			);
			path = Home;
			sourceTree = "<group>";
		};
		CEBA3F192B45ED52005086B4 /* SplashViewModel */ = {
			isa = PBXGroup;
			children = (
				CEBA3F1A2B45ED61005086B4 /* SplashViewModel.swift */,
			);
			path = SplashViewModel;
			sourceTree = "<group>";
		};
		CEBA3F1C2B460594005086B4 /* Manager */ = {
			isa = PBXGroup;
			children = (
				CEBA3F1D2B4605A1005086B4 /* AnimationManager.swift */,
			);
			path = Manager;
			sourceTree = "<group>";
		};
		CEBA3F1F2B460B43005086B4 /* Mock */ = {
			isa = PBXGroup;
			children = (
				CEBA3F202B460B69005086B4 /* MockAnimationManager.swift */,
			);
			path = Mock;
			sourceTree = "<group>";
		};
		CEBA3F222B460CDD005086B4 /* ViewModels */ = {
			isa = PBXGroup;
			children = (
				CEBA3F262B461542005086B4 /* SplashViewModelTests.swift */,
			);
			path = ViewModels;
			sourceTree = "<group>";
		};
		F8BED8852B46CC6800AD5027 /* Utilities */ = {
			isa = PBXGroup;
			children = (
				CEBA3EE42B45DF70005086B4 /* Assets.xcassets */,
				CEBA3EE62B45DF70005086B4 /* LaunchScreen.storyboard */,
			);
			path = Utilities;
			sourceTree = "<group>";
		};
		F8BED8862B46CC7700AD5027 /* New Group */ = {
			isa = PBXGroup;
			children = (
				CEBA3EDB2B45DF70005086B4 /* AppDelegate.swift */,
				CEBA3EDD2B45DF70005086B4 /* SceneDelegate.swift */,
			);
			path = "New Group";
			sourceTree = "<group>";
		};
		F8BED8872B46D54F00AD5027 /* Cells */ = {
			isa = PBXGroup;
			children = (
				F8BED8882B46D55400AD5027 /* TableView */,
			);
			path = Cells;
			sourceTree = "<group>";
		};
		F8BED8882B46D55400AD5027 /* TableView */ = {
			isa = PBXGroup;
			children = (
				F8BED8892B46D55A00AD5027 /* HomeMainTableViewCell */,
			);
			path = TableView;
			sourceTree = "<group>";
		};
		F8BED8892B46D55A00AD5027 /* HomeMainTableViewCell */ = {
			isa = PBXGroup;
			children = (
				F8BED88A2B46D57100AD5027 /* HomeMainTableViewCell.swift */,
				F8BED88B2B46D57100AD5027 /* HomeMainTableViewCell.xib */,
			);
			path = HomeMainTableViewCell;
			sourceTree = "<group>";
		};
		F8CEC73D2B46D8C4006C7536 /* Helper */ = {
			isa = PBXGroup;
			children = (
				F8CEC73E2B46D8CF006C7536 /* Constants.swift */,
			);
			path = Helper;
			sourceTree = "<group>";
		};
/* End PBXGroup section */

/* Begin PBXNativeTarget section */
		CEBA3ED72B45DF70005086B4 /* Marvel_Discovery */ = {
			isa = PBXNativeTarget;
			buildConfigurationList = CEBA3F022B45DF71005086B4 /* Build configuration list for PBXNativeTarget "Marvel_Discovery" */;
			buildPhases = (
				192305D7B206081AE2C6EFB0 /* [CP] Check Pods Manifest.lock */,
				CEBA3ED42B45DF70005086B4 /* Sources */,
				CEBA3ED52B45DF70005086B4 /* Frameworks */,
				CEBA3ED62B45DF70005086B4 /* Resources */,
				2AEC8065864AB82A19785DC1 /* [CP] Embed Pods Frameworks */,
			);
			buildRules = (
			);
			dependencies = (
			);
			name = Marvel_Discovery;
			productName = Marvel_Discovery;
			productReference = CEBA3ED82B45DF70005086B4 /* Marvel_Discovery.app */;
			productType = "com.apple.product-type.application";
		};
		CEBA3EED2B45DF71005086B4 /* Marvel_DiscoveryTests */ = {
			isa = PBXNativeTarget;
			buildConfigurationList = CEBA3F052B45DF71005086B4 /* Build configuration list for PBXNativeTarget "Marvel_DiscoveryTests" */;
			buildPhases = (
				B941D132ED2C74D19F49D221 /* [CP] Check Pods Manifest.lock */,
				CEBA3EEA2B45DF71005086B4 /* Sources */,
				CEBA3EEB2B45DF71005086B4 /* Frameworks */,
				CEBA3EEC2B45DF71005086B4 /* Resources */,
			);
			buildRules = (
			);
			dependencies = (
				CEBA3EF02B45DF71005086B4 /* PBXTargetDependency */,
			);
			name = Marvel_DiscoveryTests;
			productName = Marvel_DiscoveryTests;
			productReference = CEBA3EEE2B45DF71005086B4 /* Marvel_DiscoveryTests.xctest */;
			productType = "com.apple.product-type.bundle.unit-test";
		};
		CEBA3EF72B45DF71005086B4 /* Marvel_DiscoveryUITests */ = {
			isa = PBXNativeTarget;
			buildConfigurationList = CEBA3F082B45DF71005086B4 /* Build configuration list for PBXNativeTarget "Marvel_DiscoveryUITests" */;
			buildPhases = (
				53A07878F6EEAD105619ED41 /* [CP] Check Pods Manifest.lock */,
				CEBA3EF42B45DF71005086B4 /* Sources */,
				CEBA3EF52B45DF71005086B4 /* Frameworks */,
				CEBA3EF62B45DF71005086B4 /* Resources */,
				15A0BB9EACC072DCEBB945CB /* [CP] Embed Pods Frameworks */,
			);
			buildRules = (
			);
			dependencies = (
				CEBA3EFA2B45DF71005086B4 /* PBXTargetDependency */,
			);
			name = Marvel_DiscoveryUITests;
			productName = Marvel_DiscoveryUITests;
			productReference = CEBA3EF82B45DF71005086B4 /* Marvel_DiscoveryUITests.xctest */;
			productType = "com.apple.product-type.bundle.ui-testing";
		};
/* End PBXNativeTarget section */

/* Begin PBXProject section */
		CEBA3ED02B45DF70005086B4 /* Project object */ = {
			isa = PBXProject;
			attributes = {
				BuildIndependentTargetsInParallel = 1;
				LastSwiftUpdateCheck = 1430;
				LastUpgradeCheck = 1430;
				TargetAttributes = {
					CEBA3ED72B45DF70005086B4 = {
						CreatedOnToolsVersion = 14.3.1;
					};
					CEBA3EED2B45DF71005086B4 = {
						CreatedOnToolsVersion = 14.3.1;
						TestTargetID = CEBA3ED72B45DF70005086B4;
					};
					CEBA3EF72B45DF71005086B4 = {
						CreatedOnToolsVersion = 14.3.1;
						TestTargetID = CEBA3ED72B45DF70005086B4;
					};
				};
			};
			buildConfigurationList = CEBA3ED32B45DF70005086B4 /* Build configuration list for PBXProject "Marvel_Discovery" */;
			compatibilityVersion = "Xcode 14.0";
			developmentRegion = en;
			hasScannedForEncodings = 0;
			knownRegions = (
				en,
				Base,
			);
			mainGroup = CEBA3ECF2B45DF70005086B4;
			productRefGroup = CEBA3ED92B45DF70005086B4 /* Products */;
			projectDirPath = "";
			projectRoot = "";
			targets = (
				CEBA3ED72B45DF70005086B4 /* Marvel_Discovery */,
				CEBA3EED2B45DF71005086B4 /* Marvel_DiscoveryTests */,
				CEBA3EF72B45DF71005086B4 /* Marvel_DiscoveryUITests */,
			);
		};
/* End PBXProject section */

/* Begin PBXResourcesBuildPhase section */
		CEBA3ED62B45DF70005086B4 /* Resources */ = {
			isa = PBXResourcesBuildPhase;
			buildActionMask = 2147483647;
			files = (
				CEBA3EE82B45DF70005086B4 /* LaunchScreen.storyboard in Resources */,
				F8BED88D2B46D57100AD5027 /* HomeMainTableViewCell.xib in Resources */,
				CEBA3EE52B45DF70005086B4 /* Assets.xcassets in Resources */,
				CEBA3F132B45E4C6005086B4 /* SplashScreen.xib in Resources */,
				CEBA3F182B45E981005086B4 /* HomeViewController.xib in Resources */,
			);
			runOnlyForDeploymentPostprocessing = 0;
		};
		CEBA3EEC2B45DF71005086B4 /* Resources */ = {
			isa = PBXResourcesBuildPhase;
			buildActionMask = 2147483647;
			files = (
			);
			runOnlyForDeploymentPostprocessing = 0;
		};
		CEBA3EF62B45DF71005086B4 /* Resources */ = {
			isa = PBXResourcesBuildPhase;
			buildActionMask = 2147483647;
			files = (
			);
			runOnlyForDeploymentPostprocessing = 0;
		};
/* End PBXResourcesBuildPhase section */

/* Begin PBXShellScriptBuildPhase section */
		15A0BB9EACC072DCEBB945CB /* [CP] Embed Pods Frameworks */ = {
			isa = PBXShellScriptBuildPhase;
			buildActionMask = 2147483647;
			files = (
			);
			inputFileListPaths = (
				"${PODS_ROOT}/Target Support Files/Pods-Marvel_Discovery-Marvel_DiscoveryUITests/Pods-Marvel_Discovery-Marvel_DiscoveryUITests-frameworks-${CONFIGURATION}-input-files.xcfilelist",
			);
			name = "[CP] Embed Pods Frameworks";
			outputFileListPaths = (
				"${PODS_ROOT}/Target Support Files/Pods-Marvel_Discovery-Marvel_DiscoveryUITests/Pods-Marvel_Discovery-Marvel_DiscoveryUITests-frameworks-${CONFIGURATION}-output-files.xcfilelist",
			);
			runOnlyForDeploymentPostprocessing = 0;
			shellPath = /bin/sh;
			shellScript = "\"${PODS_ROOT}/Target Support Files/Pods-Marvel_Discovery-Marvel_DiscoveryUITests/Pods-Marvel_Discovery-Marvel_DiscoveryUITests-frameworks.sh\"\n";
			showEnvVarsInLog = 0;
		};
		192305D7B206081AE2C6EFB0 /* [CP] Check Pods Manifest.lock */ = {
			isa = PBXShellScriptBuildPhase;
			buildActionMask = 2147483647;
			files = (
			);
			inputFileListPaths = (
			);
			inputPaths = (
				"${PODS_PODFILE_DIR_PATH}/Podfile.lock",
				"${PODS_ROOT}/Manifest.lock",
			);
			name = "[CP] Check Pods Manifest.lock";
			outputFileListPaths = (
			);
			outputPaths = (
				"$(DERIVED_FILE_DIR)/Pods-Marvel_Discovery-checkManifestLockResult.txt",
			);
			runOnlyForDeploymentPostprocessing = 0;
			shellPath = /bin/sh;
			shellScript = "diff \"${PODS_PODFILE_DIR_PATH}/Podfile.lock\" \"${PODS_ROOT}/Manifest.lock\" > /dev/null\nif [ $? != 0 ] ; then\n    # print error to STDERR\n    echo \"error: The sandbox is not in sync with the Podfile.lock. Run 'pod install' or update your CocoaPods installation.\" >&2\n    exit 1\nfi\n# This output is used by Xcode 'outputs' to avoid re-running this script phase.\necho \"SUCCESS\" > \"${SCRIPT_OUTPUT_FILE_0}\"\n";
			showEnvVarsInLog = 0;
		};
		2AEC8065864AB82A19785DC1 /* [CP] Embed Pods Frameworks */ = {
			isa = PBXShellScriptBuildPhase;
			buildActionMask = 2147483647;
			files = (
			);
			inputFileListPaths = (
				"${PODS_ROOT}/Target Support Files/Pods-Marvel_Discovery/Pods-Marvel_Discovery-frameworks-${CONFIGURATION}-input-files.xcfilelist",
			);
			name = "[CP] Embed Pods Frameworks";
			outputFileListPaths = (
				"${PODS_ROOT}/Target Support Files/Pods-Marvel_Discovery/Pods-Marvel_Discovery-frameworks-${CONFIGURATION}-output-files.xcfilelist",
			);
			runOnlyForDeploymentPostprocessing = 0;
			shellPath = /bin/sh;
			shellScript = "\"${PODS_ROOT}/Target Support Files/Pods-Marvel_Discovery/Pods-Marvel_Discovery-frameworks.sh\"\n";
			showEnvVarsInLog = 0;
		};
		53A07878F6EEAD105619ED41 /* [CP] Check Pods Manifest.lock */ = {
			isa = PBXShellScriptBuildPhase;
			buildActionMask = 2147483647;
			files = (
			);
			inputFileListPaths = (
			);
			inputPaths = (
				"${PODS_PODFILE_DIR_PATH}/Podfile.lock",
				"${PODS_ROOT}/Manifest.lock",
			);
			name = "[CP] Check Pods Manifest.lock";
			outputFileListPaths = (
			);
			outputPaths = (
				"$(DERIVED_FILE_DIR)/Pods-Marvel_Discovery-Marvel_DiscoveryUITests-checkManifestLockResult.txt",
			);
			runOnlyForDeploymentPostprocessing = 0;
			shellPath = /bin/sh;
			shellScript = "diff \"${PODS_PODFILE_DIR_PATH}/Podfile.lock\" \"${PODS_ROOT}/Manifest.lock\" > /dev/null\nif [ $? != 0 ] ; then\n    # print error to STDERR\n    echo \"error: The sandbox is not in sync with the Podfile.lock. Run 'pod install' or update your CocoaPods installation.\" >&2\n    exit 1\nfi\n# This output is used by Xcode 'outputs' to avoid re-running this script phase.\necho \"SUCCESS\" > \"${SCRIPT_OUTPUT_FILE_0}\"\n";
			showEnvVarsInLog = 0;
		};
		B941D132ED2C74D19F49D221 /* [CP] Check Pods Manifest.lock */ = {
			isa = PBXShellScriptBuildPhase;
			buildActionMask = 2147483647;
			files = (
			);
			inputFileListPaths = (
			);
			inputPaths = (
				"${PODS_PODFILE_DIR_PATH}/Podfile.lock",
				"${PODS_ROOT}/Manifest.lock",
			);
			name = "[CP] Check Pods Manifest.lock";
			outputFileListPaths = (
			);
			outputPaths = (
				"$(DERIVED_FILE_DIR)/Pods-Marvel_DiscoveryTests-checkManifestLockResult.txt",
			);
			runOnlyForDeploymentPostprocessing = 0;
			shellPath = /bin/sh;
			shellScript = "diff \"${PODS_PODFILE_DIR_PATH}/Podfile.lock\" \"${PODS_ROOT}/Manifest.lock\" > /dev/null\nif [ $? != 0 ] ; then\n    # print error to STDERR\n    echo \"error: The sandbox is not in sync with the Podfile.lock. Run 'pod install' or update your CocoaPods installation.\" >&2\n    exit 1\nfi\n# This output is used by Xcode 'outputs' to avoid re-running this script phase.\necho \"SUCCESS\" > \"${SCRIPT_OUTPUT_FILE_0}\"\n";
			showEnvVarsInLog = 0;
		};
/* End PBXShellScriptBuildPhase section */

/* Begin PBXSourcesBuildPhase section */
		CEBA3ED42B45DF70005086B4 /* Sources */ = {
			isa = PBXSourcesBuildPhase;
			buildActionMask = 2147483647;
			files = (
				CEBA3F172B45E981005086B4 /* HomeViewController.swift in Sources */,
				F8BED88C2B46D57100AD5027 /* HomeMainTableViewCell.swift in Sources */,
				CEBA3F122B45E4C6005086B4 /* SplashScreen.swift in Sources */,
				CEBA3F1B2B45ED61005086B4 /* SplashViewModel.swift in Sources */,
				CEBA3F1E2B4605A1005086B4 /* AnimationManager.swift in Sources */,
				CEBA3EDC2B45DF70005086B4 /* AppDelegate.swift in Sources */,
				CEBA3EDE2B45DF70005086B4 /* SceneDelegate.swift in Sources */,
				F8CEC73F2B46D8CF006C7536 /* Constants.swift in Sources */,
			);
			runOnlyForDeploymentPostprocessing = 0;
		};
		CEBA3EEA2B45DF71005086B4 /* Sources */ = {
			isa = PBXSourcesBuildPhase;
			buildActionMask = 2147483647;
			files = (
				CEBA3F212B460B69005086B4 /* MockAnimationManager.swift in Sources */,
				CEBA3EF32B45DF71005086B4 /* Marvel_DiscoveryTests.swift in Sources */,
				CEBA3F272B461542005086B4 /* SplashViewModelTests.swift in Sources */,
			);
			runOnlyForDeploymentPostprocessing = 0;
		};
		CEBA3EF42B45DF71005086B4 /* Sources */ = {
			isa = PBXSourcesBuildPhase;
			buildActionMask = 2147483647;
			files = (
				CEBA3EFF2B45DF71005086B4 /* Marvel_DiscoveryUITestsLaunchTests.swift in Sources */,
				CEBA3EFD2B45DF71005086B4 /* Marvel_DiscoveryUITests.swift in Sources */,
			);
			runOnlyForDeploymentPostprocessing = 0;
		};
/* End PBXSourcesBuildPhase section */

/* Begin PBXTargetDependency section */
		CEBA3EF02B45DF71005086B4 /* PBXTargetDependency */ = {
			isa = PBXTargetDependency;
			target = CEBA3ED72B45DF70005086B4 /* Marvel_Discovery */;
			targetProxy = CEBA3EEF2B45DF71005086B4 /* PBXContainerItemProxy */;
		};
		CEBA3EFA2B45DF71005086B4 /* PBXTargetDependency */ = {
			isa = PBXTargetDependency;
			target = CEBA3ED72B45DF70005086B4 /* Marvel_Discovery */;
			targetProxy = CEBA3EF92B45DF71005086B4 /* PBXContainerItemProxy */;
		};
/* End PBXTargetDependency section */

/* Begin PBXVariantGroup section */
		CEBA3EE62B45DF70005086B4 /* LaunchScreen.storyboard */ = {
			isa = PBXVariantGroup;
			children = (
				CEBA3EE72B45DF70005086B4 /* Base */,
			);
			name = LaunchScreen.storyboard;
			sourceTree = "<group>";
		};
/* End PBXVariantGroup section */

/* Begin XCBuildConfiguration section */
		CEBA3F002B45DF71005086B4 /* Debug */ = {
			isa = XCBuildConfiguration;
			buildSettings = {
				ALWAYS_SEARCH_USER_PATHS = NO;
				CLANG_ANALYZER_NONNULL = YES;
				CLANG_ANALYZER_NUMBER_OBJECT_CONVERSION = YES_AGGRESSIVE;
				CLANG_CXX_LANGUAGE_STANDARD = "gnu++20";
				CLANG_ENABLE_MODULES = YES;
				CLANG_ENABLE_OBJC_ARC = YES;
				CLANG_ENABLE_OBJC_WEAK = YES;
				CLANG_WARN_BLOCK_CAPTURE_AUTORELEASING = YES;
				CLANG_WARN_BOOL_CONVERSION = YES;
				CLANG_WARN_COMMA = YES;
				CLANG_WARN_CONSTANT_CONVERSION = YES;
				CLANG_WARN_DEPRECATED_OBJC_IMPLEMENTATIONS = YES;
				CLANG_WARN_DIRECT_OBJC_ISA_USAGE = YES_ERROR;
				CLANG_WARN_DOCUMENTATION_COMMENTS = YES;
				CLANG_WARN_EMPTY_BODY = YES;
				CLANG_WARN_ENUM_CONVERSION = YES;
				CLANG_WARN_INFINITE_RECURSION = YES;
				CLANG_WARN_INT_CONVERSION = YES;
				CLANG_WARN_NON_LITERAL_NULL_CONVERSION = YES;
				CLANG_WARN_OBJC_IMPLICIT_RETAIN_SELF = YES;
				CLANG_WARN_OBJC_LITERAL_CONVERSION = YES;
				CLANG_WARN_OBJC_ROOT_CLASS = YES_ERROR;
				CLANG_WARN_QUOTED_INCLUDE_IN_FRAMEWORK_HEADER = YES;
				CLANG_WARN_RANGE_LOOP_ANALYSIS = YES;
				CLANG_WARN_STRICT_PROTOTYPES = YES;
				CLANG_WARN_SUSPICIOUS_MOVE = YES;
				CLANG_WARN_UNGUARDED_AVAILABILITY = YES_AGGRESSIVE;
				CLANG_WARN_UNREACHABLE_CODE = YES;
				CLANG_WARN__DUPLICATE_METHOD_MATCH = YES;
				COPY_PHASE_STRIP = NO;
				DEBUG_INFORMATION_FORMAT = dwarf;
				ENABLE_STRICT_OBJC_MSGSEND = YES;
				ENABLE_TESTABILITY = YES;
				GCC_C_LANGUAGE_STANDARD = gnu11;
				GCC_DYNAMIC_NO_PIC = NO;
				GCC_NO_COMMON_BLOCKS = YES;
				GCC_OPTIMIZATION_LEVEL = 0;
				GCC_PREPROCESSOR_DEFINITIONS = (
					"DEBUG=1",
					"$(inherited)",
				);
				GCC_WARN_64_TO_32_BIT_CONVERSION = YES;
				GCC_WARN_ABOUT_RETURN_TYPE = YES_ERROR;
				GCC_WARN_UNDECLARED_SELECTOR = YES;
				GCC_WARN_UNINITIALIZED_AUTOS = YES_AGGRESSIVE;
				GCC_WARN_UNUSED_FUNCTION = YES;
				GCC_WARN_UNUSED_VARIABLE = YES;
				IPHONEOS_DEPLOYMENT_TARGET = 16.4;
				MTL_ENABLE_DEBUG_INFO = INCLUDE_SOURCE;
				MTL_FAST_MATH = YES;
				ONLY_ACTIVE_ARCH = YES;
				SDKROOT = iphoneos;
				SWIFT_ACTIVE_COMPILATION_CONDITIONS = DEBUG;
				SWIFT_OPTIMIZATION_LEVEL = "-Onone";
			};
			name = Debug;
		};
		CEBA3F012B45DF71005086B4 /* Release */ = {
			isa = XCBuildConfiguration;
			buildSettings = {
				ALWAYS_SEARCH_USER_PATHS = NO;
				CLANG_ANALYZER_NONNULL = YES;
				CLANG_ANALYZER_NUMBER_OBJECT_CONVERSION = YES_AGGRESSIVE;
				CLANG_CXX_LANGUAGE_STANDARD = "gnu++20";
				CLANG_ENABLE_MODULES = YES;
				CLANG_ENABLE_OBJC_ARC = YES;
				CLANG_ENABLE_OBJC_WEAK = YES;
				CLANG_WARN_BLOCK_CAPTURE_AUTORELEASING = YES;
				CLANG_WARN_BOOL_CONVERSION = YES;
				CLANG_WARN_COMMA = YES;
				CLANG_WARN_CONSTANT_CONVERSION = YES;
				CLANG_WARN_DEPRECATED_OBJC_IMPLEMENTATIONS = YES;
				CLANG_WARN_DIRECT_OBJC_ISA_USAGE = YES_ERROR;
				CLANG_WARN_DOCUMENTATION_COMMENTS = YES;
				CLANG_WARN_EMPTY_BODY = YES;
				CLANG_WARN_ENUM_CONVERSION = YES;
				CLANG_WARN_INFINITE_RECURSION = YES;
				CLANG_WARN_INT_CONVERSION = YES;
				CLANG_WARN_NON_LITERAL_NULL_CONVERSION = YES;
				CLANG_WARN_OBJC_IMPLICIT_RETAIN_SELF = YES;
				CLANG_WARN_OBJC_LITERAL_CONVERSION = YES;
				CLANG_WARN_OBJC_ROOT_CLASS = YES_ERROR;
				CLANG_WARN_QUOTED_INCLUDE_IN_FRAMEWORK_HEADER = YES;
				CLANG_WARN_RANGE_LOOP_ANALYSIS = YES;
				CLANG_WARN_STRICT_PROTOTYPES = YES;
				CLANG_WARN_SUSPICIOUS_MOVE = YES;
				CLANG_WARN_UNGUARDED_AVAILABILITY = YES_AGGRESSIVE;
				CLANG_WARN_UNREACHABLE_CODE = YES;
				CLANG_WARN__DUPLICATE_METHOD_MATCH = YES;
				COPY_PHASE_STRIP = NO;
				DEBUG_INFORMATION_FORMAT = "dwarf-with-dsym";
				ENABLE_NS_ASSERTIONS = NO;
				ENABLE_STRICT_OBJC_MSGSEND = YES;
				GCC_C_LANGUAGE_STANDARD = gnu11;
				GCC_NO_COMMON_BLOCKS = YES;
				GCC_WARN_64_TO_32_BIT_CONVERSION = YES;
				GCC_WARN_ABOUT_RETURN_TYPE = YES_ERROR;
				GCC_WARN_UNDECLARED_SELECTOR = YES;
				GCC_WARN_UNINITIALIZED_AUTOS = YES_AGGRESSIVE;
				GCC_WARN_UNUSED_FUNCTION = YES;
				GCC_WARN_UNUSED_VARIABLE = YES;
				IPHONEOS_DEPLOYMENT_TARGET = 16.4;
				MTL_ENABLE_DEBUG_INFO = NO;
				MTL_FAST_MATH = YES;
				SDKROOT = iphoneos;
				SWIFT_COMPILATION_MODE = wholemodule;
				SWIFT_OPTIMIZATION_LEVEL = "-O";
				VALIDATE_PRODUCT = YES;
			};
			name = Release;
		};
		CEBA3F032B45DF71005086B4 /* Debug */ = {
			isa = XCBuildConfiguration;
			baseConfigurationReference = 10854EC28A4C12F211A8DF74 /* Pods-Marvel_Discovery.debug.xcconfig */;
			buildSettings = {
				ASSETCATALOG_COMPILER_APPICON_NAME = AppIcon;
				ASSETCATALOG_COMPILER_GLOBAL_ACCENT_COLOR_NAME = AccentColor;
				CODE_SIGN_STYLE = Automatic;
				CURRENT_PROJECT_VERSION = 1;
				DEVELOPMENT_TEAM = M8S29G9Z3W;
				GENERATE_INFOPLIST_FILE = YES;
				INFOPLIST_FILE = Marvel_Discovery/Info.plist;
				INFOPLIST_KEY_UIApplicationSupportsIndirectInputEvents = YES;
				INFOPLIST_KEY_UILaunchStoryboardName = LaunchScreen;
				INFOPLIST_KEY_UISupportedInterfaceOrientations = UIInterfaceOrientationPortrait;
				IPHONEOS_DEPLOYMENT_TARGET = 15.0;
				LD_RUNPATH_SEARCH_PATHS = (
					"$(inherited)",
					"@executable_path/Frameworks",
				);
				MARKETING_VERSION = 1.0;
				PRODUCT_BUNDLE_IDENTIFIER = "odayNewMac.Marvel-Discovery";
				PRODUCT_NAME = "$(TARGET_NAME)";
				SWIFT_EMIT_LOC_STRINGS = YES;
				SWIFT_VERSION = 5.0;
				TARGETED_DEVICE_FAMILY = "1,2";
			};
			name = Debug;
		};
		CEBA3F042B45DF71005086B4 /* Release */ = {
			isa = XCBuildConfiguration;
			baseConfigurationReference = 34F68E17DE8C4FF84DAE598B /* Pods-Marvel_Discovery.release.xcconfig */;
			buildSettings = {
				ASSETCATALOG_COMPILER_APPICON_NAME = AppIcon;
				ASSETCATALOG_COMPILER_GLOBAL_ACCENT_COLOR_NAME = AccentColor;
				CODE_SIGN_STYLE = Automatic;
				CURRENT_PROJECT_VERSION = 1;
				DEVELOPMENT_TEAM = M8S29G9Z3W;
				GENERATE_INFOPLIST_FILE = YES;
				INFOPLIST_FILE = Marvel_Discovery/Info.plist;
				INFOPLIST_KEY_UIApplicationSupportsIndirectInputEvents = YES;
				INFOPLIST_KEY_UILaunchStoryboardName = LaunchScreen;
				INFOPLIST_KEY_UISupportedInterfaceOrientations = UIInterfaceOrientationPortrait;
				IPHONEOS_DEPLOYMENT_TARGET = 15.0;
				LD_RUNPATH_SEARCH_PATHS = (
					"$(inherited)",
					"@executable_path/Frameworks",
				);
				MARKETING_VERSION = 1.0;
				PRODUCT_BUNDLE_IDENTIFIER = "odayNewMac.Marvel-Discovery";
				PRODUCT_NAME = "$(TARGET_NAME)";
				SWIFT_EMIT_LOC_STRINGS = YES;
				SWIFT_VERSION = 5.0;
				TARGETED_DEVICE_FAMILY = "1,2";
			};
			name = Release;
		};
		CEBA3F062B45DF71005086B4 /* Debug */ = {
			isa = XCBuildConfiguration;
			baseConfigurationReference = F1A43656C99545FF92BA9118 /* Pods-Marvel_DiscoveryTests.debug.xcconfig */;
			buildSettings = {
				ALWAYS_EMBED_SWIFT_STANDARD_LIBRARIES = YES;
				BUNDLE_LOADER = "$(TEST_HOST)";
				CODE_SIGN_STYLE = Automatic;
				CURRENT_PROJECT_VERSION = 1;
				DEVELOPMENT_TEAM = M8S29G9Z3W;
				GENERATE_INFOPLIST_FILE = YES;
				IPHONEOS_DEPLOYMENT_TARGET = 16.4;
				MARKETING_VERSION = 1.0;
				PRODUCT_BUNDLE_IDENTIFIER = "odayNewMac.Marvel-DiscoveryTests";
				PRODUCT_NAME = "$(TARGET_NAME)";
				SWIFT_EMIT_LOC_STRINGS = NO;
				SWIFT_VERSION = 5.0;
				TARGETED_DEVICE_FAMILY = "1,2";
				TEST_HOST = "$(BUILT_PRODUCTS_DIR)/Marvel_Discovery.app/$(BUNDLE_EXECUTABLE_FOLDER_PATH)/Marvel_Discovery";
			};
			name = Debug;
		};
		CEBA3F072B45DF71005086B4 /* Release */ = {
			isa = XCBuildConfiguration;
			baseConfigurationReference = A7C9C6709D2687B4730F6230 /* Pods-Marvel_DiscoveryTests.release.xcconfig */;
			buildSettings = {
				ALWAYS_EMBED_SWIFT_STANDARD_LIBRARIES = YES;
				BUNDLE_LOADER = "$(TEST_HOST)";
				CODE_SIGN_STYLE = Automatic;
				CURRENT_PROJECT_VERSION = 1;
				DEVELOPMENT_TEAM = M8S29G9Z3W;
				GENERATE_INFOPLIST_FILE = YES;
				IPHONEOS_DEPLOYMENT_TARGET = 16.4;
				MARKETING_VERSION = 1.0;
				PRODUCT_BUNDLE_IDENTIFIER = "odayNewMac.Marvel-DiscoveryTests";
				PRODUCT_NAME = "$(TARGET_NAME)";
				SWIFT_EMIT_LOC_STRINGS = NO;
				SWIFT_VERSION = 5.0;
				TARGETED_DEVICE_FAMILY = "1,2";
				TEST_HOST = "$(BUILT_PRODUCTS_DIR)/Marvel_Discovery.app/$(BUNDLE_EXECUTABLE_FOLDER_PATH)/Marvel_Discovery";
			};
			name = Release;
		};
		CEBA3F092B45DF71005086B4 /* Debug */ = {
			isa = XCBuildConfiguration;
			baseConfigurationReference = CF9A0D8C412C72B1F2757709 /* Pods-Marvel_Discovery-Marvel_DiscoveryUITests.debug.xcconfig */;
			buildSettings = {
				ALWAYS_EMBED_SWIFT_STANDARD_LIBRARIES = YES;
				CODE_SIGN_STYLE = Automatic;
				CURRENT_PROJECT_VERSION = 1;
				DEVELOPMENT_TEAM = M8S29G9Z3W;
				GENERATE_INFOPLIST_FILE = YES;
				MARKETING_VERSION = 1.0;
				PRODUCT_BUNDLE_IDENTIFIER = "odayNewMac.Marvel-DiscoveryUITests";
				PRODUCT_NAME = "$(TARGET_NAME)";
				SWIFT_EMIT_LOC_STRINGS = NO;
				SWIFT_VERSION = 5.0;
				TARGETED_DEVICE_FAMILY = "1,2";
				TEST_TARGET_NAME = Marvel_Discovery;
			};
			name = Debug;
		};
		CEBA3F0A2B45DF71005086B4 /* Release */ = {
			isa = XCBuildConfiguration;
			baseConfigurationReference = 050ED8A27C7D5761DBF7956D /* Pods-Marvel_Discovery-Marvel_DiscoveryUITests.release.xcconfig */;
			buildSettings = {
				ALWAYS_EMBED_SWIFT_STANDARD_LIBRARIES = YES;
				CODE_SIGN_STYLE = Automatic;
				CURRENT_PROJECT_VERSION = 1;
				DEVELOPMENT_TEAM = M8S29G9Z3W;
				GENERATE_INFOPLIST_FILE = YES;
				MARKETING_VERSION = 1.0;
				PRODUCT_BUNDLE_IDENTIFIER = "odayNewMac.Marvel-DiscoveryUITests";
				PRODUCT_NAME = "$(TARGET_NAME)";
				SWIFT_EMIT_LOC_STRINGS = NO;
				SWIFT_VERSION = 5.0;
				TARGETED_DEVICE_FAMILY = "1,2";
				TEST_TARGET_NAME = Marvel_Discovery;
			};
			name = Release;
		};
/* End XCBuildConfiguration section */

/* Begin XCConfigurationList section */
		CEBA3ED32B45DF70005086B4 /* Build configuration list for PBXProject "Marvel_Discovery" */ = {
			isa = XCConfigurationList;
			buildConfigurations = (
				CEBA3F002B45DF71005086B4 /* Debug */,
				CEBA3F012B45DF71005086B4 /* Release */,
			);
			defaultConfigurationIsVisible = 0;
			defaultConfigurationName = Release;
		};
		CEBA3F022B45DF71005086B4 /* Build configuration list for PBXNativeTarget "Marvel_Discovery" */ = {
			isa = XCConfigurationList;
			buildConfigurations = (
				CEBA3F032B45DF71005086B4 /* Debug */,
				CEBA3F042B45DF71005086B4 /* Release */,
			);
			defaultConfigurationIsVisible = 0;
			defaultConfigurationName = Release;
		};
		CEBA3F052B45DF71005086B4 /* Build configuration list for PBXNativeTarget "Marvel_DiscoveryTests" */ = {
			isa = XCConfigurationList;
			buildConfigurations = (
				CEBA3F062B45DF71005086B4 /* Debug */,
				CEBA3F072B45DF71005086B4 /* Release */,
			);
			defaultConfigurationIsVisible = 0;
			defaultConfigurationName = Release;
		};
		CEBA3F082B45DF71005086B4 /* Build configuration list for PBXNativeTarget "Marvel_DiscoveryUITests" */ = {
			isa = XCConfigurationList;
			buildConfigurations = (
				CEBA3F092B45DF71005086B4 /* Debug */,
				CEBA3F0A2B45DF71005086B4 /* Release */,
			);
			defaultConfigurationIsVisible = 0;
			defaultConfigurationName = Release;
		};
/* End XCConfigurationList section */
	};
	rootObject = CEBA3ED02B45DF70005086B4 /* Project object */;
}
